
Microsoft Visual Studio Solution File, Format Version 11.00
# Visual C++ Express 2010
Project("{8BC9CEB8-8B4A-11D0-8D11-00A0C91BC942}") = "SpaceBattle", "SpaceBattle.vcxproj", "{C4B94BC8-7EC1-B35C-7418-FC9CD130556C}"
EndProject
Global
	GlobalSection(SolutionConfigurationPlatforms) = preSolution
		Debug|Win32 = Debug|Win32
		Release|Win32 = Release|Win32
	EndGlobalSection
	GlobalSection(ProjectConfigurationPlatforms) = postSolution
		{C4B94BC8-7EC1-B35C-7418-FC9CD130556C}.Debug|Win32.ActiveCfg = Debug|Win32
		{C4B94BC8-7EC1-B35C-7418-FC9CD130556C}.Debug|Win32.Build.0 = Debug|Win32
		{C4B94BC8-7EC1-B35C-7418-FC9CD130556C}.Release|Win32.ActiveCfg = Release|Win32
		{C4B94BC8-7EC1-B35C-7418-FC9CD130556C}.Release|Win32.Build.0 = Release|Win32
	EndGlobalSection
	GlobalSection(SolutionProperties) = preSolution
		HideSolutionNode = FALSE
	EndGlobalSection
EndGlobal
